
Microsoft Visual Studio Solution File, Format Version 12.00
# Visual Studio Version 17
VisualStudioVersion = 17.8.34322.80
MinimumVisualStudioVersion = 10.0.40219.1
Project("{9A19103F-16F7-4668-BE54-9A1E7A4F7556}") = "VirginGalactic2", "VirginGalactic2\VirginGalactic2.csproj", "{6F503610-523C-48DA-B15E-8F11C12B72DA}"
EndProject
Global
	GlobalSection(SolutionConfigurationPlatforms) = preSolution
		Debug|Any CPU = Debug|Any CPU
		Release|Any CPU = Release|Any CPU
	EndGlobalSection
	GlobalSection(ProjectConfigurationPlatforms) = postSolution
		{6F503610-523C-48DA-B15E-8F11C12B72DA}.Debug|Any CPU.ActiveCfg = Debug|Any CPU
		{6F503610-523C-48DA-B15E-8F11C12B72DA}.Debug|Any CPU.Build.0 = Debug|Any CPU
		{6F503610-523C-48DA-B15E-8F11C12B72DA}.Release|Any CPU.ActiveCfg = Release|Any CPU
		{6F503610-523C-48DA-B15E-8F11C12B72DA}.Release|Any CPU.Build.0 = Release|Any CPU
	EndGlobalSection
	GlobalSection(SolutionProperties) = preSolution
		HideSolutionNode = FALSE
	EndGlobalSection
	GlobalSection(ExtensibilityGlobals) = postSolution
		SolutionGuid = {87CF3674-585D-4E1E-A3EB-97CBC004EECD}
	EndGlobalSection
EndGlobal
